
Microsoft Visual Studio Solution File, Format Version 12.00
# Visual Studio Version 16
VisualStudioVersion = 16.0.31702.278
MinimumVisualStudioVersion = 10.0.40219.1
Project("{FAE04EC0-301F-11D3-BF4B-00C04F79EFBC}") = "appExplorer", "appExplorer.csproj", "{8140561C-3A8A-4C64-9436-FDFDDFBEF551}"
EndProject
Global
	GlobalSection(SolutionConfigurationPlatforms) = preSolution
		Debug|Any CPU = Debug|Any CPU
		Release|Any CPU = Release|Any CPU
	EndGlobalSection
	GlobalSection(ProjectConfigurationPlatforms) = postSolution
		{8140561C-3A8A-4C64-9436-FDFDDFBEF551}.Debug|Any CPU.ActiveCfg = Debug|Any CPU
		{8140561C-3A8A-4C64-9436-FDFDDFBEF551}.Debug|Any CPU.Build.0 = Debug|Any CPU
		{8140561C-3A8A-4C64-9436-FDFDDFBEF551}.Release|Any CPU.ActiveCfg = Release|Any CPU
		{8140561C-3A8A-4C64-9436-FDFDDFBEF551}.Release|Any CPU.Build.0 = Release|Any CPU
	EndGlobalSection
	GlobalSection(SolutionProperties) = preSolution
		HideSolutionNode = FALSE
	EndGlobalSection
	GlobalSection(ExtensibilityGlobals) = postSolution
		SolutionGuid = {7B5931C2-E764-479C-BFBC-99CE90D4E7FD}
	EndGlobalSection
EndGlobal
